
Microsoft Visual Studio Solution File, Format Version 12.00
# Visual Studio 15
VisualStudioVersion = 15.0.28307.329
MinimumVisualStudioVersion = 10.0.40219.1
Project("{FAE04EC0-301F-11D3-BF4B-00C04F79EFBC}") = "ProvaRecrutamento", "ProvaRecrutamento\ProvaRecrutamento.csproj", "{CE54777E-6336-4A18-9066-212695D170D2}"
EndProject
Global
	GlobalSection(SolutionConfigurationPlatforms) = preSolution
		Debug|Any CPU = Debug|Any CPU
		Release|Any CPU = Release|Any CPU
	EndGlobalSection
	GlobalSection(ProjectConfigurationPlatforms) = postSolution
		{CE54777E-6336-4A18-9066-212695D170D2}.Debug|Any CPU.ActiveCfg = Debug|Any CPU
		{CE54777E-6336-4A18-9066-212695D170D2}.Debug|Any CPU.Build.0 = Debug|Any CPU
		{CE54777E-6336-4A18-9066-212695D170D2}.Release|Any CPU.ActiveCfg = Release|Any CPU
		{CE54777E-6336-4A18-9066-212695D170D2}.Release|Any CPU.Build.0 = Release|Any CPU
	EndGlobalSection
	GlobalSection(SolutionProperties) = preSolution
		HideSolutionNode = FALSE
	EndGlobalSection
	GlobalSection(ExtensibilityGlobals) = postSolution
		SolutionGuid = {8D8CF1B4-B8AA-4024-9E88-3DB80F868174}
	EndGlobalSection
EndGlobal
